<?xml version="1.0" encoding="utf-8"?>
<Project ToolsVersion="4.0" xmlns="http://schemas.microsoft.com/developer/msbuild/2003">
  <ItemGroup>
    <Filter Include="Source files">
      <UniqueIdentifier>{da70a146-cc9e-477a-8b50-0d7769aeeead}</UniqueIdentifier>
      <Extensions>cpp;c;cc;cxx;def;odl;idl;hpj;bat;asm;asmx</Extensions>
    </Filter>
    <Filter Include="Header files">
      <UniqueIdentifier>{3185a0de-f5d8-423b-bbf7-baca86d96023}</UniqueIdentifier>
      <Extensions>h;hpp;hxx;hm;inl;inc;xsd</Extensions>
    </Filter>
    <Filter Include="Resource files">
      <UniqueIdentifier>{cb6a0bd7-de3c-4b45-b48a-760465abce69}</UniqueIdentifier>
      <Extensions>rc;ico;cur;bmp;dlg;rc2;rct;bin;rgs;gif;jpg;jpeg;jpe;resx;tiff;tif;png;wav</Extensions>
    </Filter>
    <Filter Include="Source files\src">
      <UniqueIdentifier>{108732fe-4f0b-4d87-8f9d-cb61898722ef}</UniqueIdentifier>
    </Filter>
    <Filter Include="Header files\include">
      <UniqueIdentifier>{42318bd9-8933-4f75-8385-a7912be4e48b}</UniqueIdentifier>
    </Filter>
    <Filter Include="CMake files">
      <UniqueIdentifier>{c7989946-da41-45b9-a332-496ceb8a45b2}</UniqueIdentifier>
    </Filter>
    <Filter Include="VisualGDB settings">
      <UniqueIdentifier>{1786d429-7a26-47a0-ab75-1110e41e0648}</UniqueIdentifier>
    </Filter>
  </ItemGroup>
  <ItemGroup>
    <None Include="russia-Debug.vgdbsettings">
      <Filter>VisualGDB settings</Filter>
    </None>
    <None Include="russia-Release.vgdbsettings">
      <Filter>VisualGDB settings</Filter>
    </None>
  </ItemGroup>
  <ItemGroup>
    <Text Include="CMakeLists.txt">
      <Filter>CMake files</Filter>
    </Text>
  </ItemGroup>
  <ItemGroup>
    <ClCompile Include="src\russia.cpp">
      <Filter>Source files\src</Filter>
    </ClCompile>
    <ClCompile Include="russia.c">
      <Filter>Source files\src</Filter>
    </ClCompile>
  </ItemGroup>
  <ItemGroup>
    <ClInclude Include="include\russia.h">
      <Filter>Header files\include</Filter>
    </ClInclude>
    <ClInclude Include="include\head4log.h">
      <Filter>Header files\include</Filter>
    </ClInclude>
  </ItemGroup>
</Project>